# This file is automatically @generated by Cargo.
# It is not intended for manual editing.
[[package]]
name = "geoutils"
version = "0.4.0"
source = "registry+https://github.com/rust-lang/crates.io-index"
checksum = "4635c5c079227d2e54fe0f69b3f1ac9376a517608762267975ee1603fa0800bf"

[[package]]
name = "intro-to-rust"
version = "0.1.0"
dependencies = [
 "geoutils",
]
